// !$*UTF8*$!
{
	archiveVersion = 1;
	classes = {
	};
	objectVersion = 77;
	objects = {

/* Begin PBXContainerItemProxy section */
		D0B3875C2D36260A00DF8B7F /* PBXContainerItemProxy */ = {
			isa = PBXContainerItemProxy;
			containerPortal = D0B387432D36260700DF8B7F /* Project object */;
			proxyType = 1;
			remoteGlobalIDString = D0B3874A2D36260700DF8B7F;
			remoteInfo = "fetch-takehome";
		};
		D0B387662D36260A00DF8B7F /* PBXContainerItemProxy */ = {
			isa = PBXContainerItemProxy;
			containerPortal = D0B387432D36260700DF8B7F /* Project object */;
			proxyType = 1;
			remoteGlobalIDString = D0B3874A2D36260700DF8B7F;
			remoteInfo = "fetch-takehome";
		};
/* End PBXContainerItemProxy section */

/* Begin PBXFileReference section */
		D0B3874B2D36260700DF8B7F /* fetch-takehome.app */ = {isa = PBXFileReference; explicitFileType = wrapper.application; includeInIndex = 0; path = "fetch-takehome.app"; sourceTree = BUILT_PRODUCTS_DIR; };
		D0B3875B2D36260A00DF8B7F /* fetch-takehomeTests.xctest */ = {isa = PBXFileReference; explicitFileType = wrapper.cfbundle; includeInIndex = 0; path = "fetch-takehomeTests.xctest"; sourceTree = BUILT_PRODUCTS_DIR; };
		D0B387652D36260A00DF8B7F /* fetch-takehomeUITests.xctest */ = {isa = PBXFileReference; explicitFileType = wrapper.cfbundle; includeInIndex = 0; path = "fetch-takehomeUITests.xctest"; sourceTree = BUILT_PRODUCTS_DIR; };
/* End PBXFileReference section */

/* Begin PBXFileSystemSynchronizedRootGroup section */
		D0B3874D2D36260700DF8B7F /* fetch-takehome */ = {
			isa = PBXFileSystemSynchronizedRootGroup;
			path = "fetch-takehome";
			sourceTree = "<group>";
		};
		D0B3875E2D36260A00DF8B7F /* fetch-takehomeTests */ = {
			isa = PBXFileSystemSynchronizedRootGroup;
			path = "fetch-takehomeTests";
			sourceTree = "<group>";
		};
		D0B387682D36260A00DF8B7F /* fetch-takehomeUITests */ = {
			isa = PBXFileSystemSynchronizedRootGroup;
			path = "fetch-takehomeUITests";
			sourceTree = "<group>";
		};
/* End PBXFileSystemSynchronizedRootGroup section */

/* Begin PBXFrameworksBuildPhase section */
		D0B387482D36260700DF8B7F /* Frameworks */ = {
			isa = PBXFrameworksBuildPhase;
			buildActionMask = 2147483647;
			files = (
			);
			runOnlyForDeploymentPostprocessing = 0;
		};
		D0B387582D36260A00DF8B7F /* Frameworks */ = {
			isa = PBXFrameworksBuildPhase;
			buildActionMask = 2147483647;
			files = (
			);
			runOnlyForDeploymentPostprocessing = 0;
		};
		D0B387622D36260A00DF8B7F /* Frameworks */ = {
			isa = PBXFrameworksBuildPhase;
			buildActionMask = 2147483647;
			files = (
			);
			runOnlyForDeploymentPostprocessing = 0;
		};
/* End PBXFrameworksBuildPhase section */

/* Begin PBXGroup section */
		D0B387422D36260700DF8B7F = {
			isa = PBXGroup;
			children = (
				D0B3874D2D36260700DF8B7F /* fetch-takehome */,
				D0B3875E2D36260A00DF8B7F /* fetch-takehomeTests */,
				D0B387682D36260A00DF8B7F /* fetch-takehomeUITests */,
				D0B3874C2D36260700DF8B7F /* Products */,
			);
			sourceTree = "<group>";
		};
		D0B3874C2D36260700DF8B7F /* Products */ = {
			isa = PBXGroup;
			children = (
				D0B3874B2D36260700DF8B7F /* fetch-takehome.app */,
				D0B3875B2D36260A00DF8B7F /* fetch-takehomeTests.xctest */,
				D0B387652D36260A00DF8B7F /* fetch-takehomeUITests.xctest */,
			);
			name = Products;
			sourceTree = "<group>";
		};
/* End PBXGroup section */

/* Begin PBXNativeTarget section */
		D0B3874A2D36260700DF8B7F /* fetch-takehome */ = {
			isa = PBXNativeTarget;
			buildConfigurationList = D0B3876F2D36260A00DF8B7F /* Build configuration list for PBXNativeTarget "fetch-takehome" */;
			buildPhases = (
				D0B387472D36260700DF8B7F /* Sources */,
				D0B387482D36260700DF8B7F /* Frameworks */,
				D0B387492D36260700DF8B7F /* Resources */,
			);
			buildRules = (
			);
			dependencies = (
			);
			fileSystemSynchronizedGroups = (
				D0B3874D2D36260700DF8B7F /* fetch-takehome */,
			);
			name = "fetch-takehome";
			packageProductDependencies = (
			);
			productName = "fetch-takehome";
			productReference = D0B3874B2D36260700DF8B7F /* fetch-takehome.app */;
			productType = "com.apple.product-type.application";
		};
		D0B3875A2D36260A00DF8B7F /* fetch-takehomeTests */ = {
			isa = PBXNativeTarget;
			buildConfigurationList = D0B387722D36260A00DF8B7F /* Build configuration list for PBXNativeTarget "fetch-takehomeTests" */;
			buildPhases = (
				D0B387572D36260A00DF8B7F /* Sources */,
				D0B387582D36260A00DF8B7F /* Frameworks */,
				D0B387592D36260A00DF8B7F /* Resources */,
			);
			buildRules = (
			);
			dependencies = (
				D0B3875D2D36260A00DF8B7F /* PBXTargetDependency */,
			);
			fileSystemSynchronizedGroups = (
				D0B3875E2D36260A00DF8B7F /* fetch-takehomeTests */,
			);
			name = "fetch-takehomeTests";
			packageProductDependencies = (
			);
			productName = "fetch-takehomeTests";
			productReference = D0B3875B2D36260A00DF8B7F /* fetch-takehomeTests.xctest */;
			productType = "com.apple.product-type.bundle.unit-test";
		};
		D0B387642D36260A00DF8B7F /* fetch-takehomeUITests */ = {
			isa = PBXNativeTarget;
			buildConfigurationList = D0B387752D36260A00DF8B7F /* Build configuration list for PBXNativeTarget "fetch-takehomeUITests" */;
			buildPhases = (
				D0B387612D36260A00DF8B7F /* Sources */,
				D0B387622D36260A00DF8B7F /* Frameworks */,
				D0B387632D36260A00DF8B7F /* Resources */,
			);
			buildRules = (
			);
			dependencies = (
				D0B387672D36260A00DF8B7F /* PBXTargetDependency */,
			);
			fileSystemSynchronizedGroups = (
				D0B387682D36260A00DF8B7F /* fetch-takehomeUITests */,
			);
			name = "fetch-takehomeUITests";
			packageProductDependencies = (
			);
			productName = "fetch-takehomeUITests";
			productReference = D0B387652D36260A00DF8B7F /* fetch-takehomeUITests.xctest */;
			productType = "com.apple.product-type.bundle.ui-testing";
		};
/* End PBXNativeTarget section */

/* Begin PBXProject section */
		D0B387432D36260700DF8B7F /* Project object */ = {
			isa = PBXProject;
			attributes = {
				BuildIndependentTargetsInParallel = 1;
				LastSwiftUpdateCheck = 1620;
				LastUpgradeCheck = 1620;
				TargetAttributes = {
					D0B3874A2D36260700DF8B7F = {
						CreatedOnToolsVersion = 16.2;
					};
					D0B3875A2D36260A00DF8B7F = {
						CreatedOnToolsVersion = 16.2;
						TestTargetID = D0B3874A2D36260700DF8B7F;
					};
					D0B387642D36260A00DF8B7F = {
						CreatedOnToolsVersion = 16.2;
						TestTargetID = D0B3874A2D36260700DF8B7F;
					};
				};
			};
			buildConfigurationList = D0B387462D36260700DF8B7F /* Build configuration list for PBXProject "fetch-takehome" */;
			developmentRegion = en;
			hasScannedForEncodings = 0;
			knownRegions = (
				en,
				Base,
			);
			mainGroup = D0B387422D36260700DF8B7F;
			minimizedProjectReferenceProxies = 1;
			preferredProjectObjectVersion = 77;
			productRefGroup = D0B3874C2D36260700DF8B7F /* Products */;
			projectDirPath = "";
			projectRoot = "";
			targets = (
				D0B3874A2D36260700DF8B7F /* fetch-takehome */,
				D0B3875A2D36260A00DF8B7F /* fetch-takehomeTests */,
				D0B387642D36260A00DF8B7F /* fetch-takehomeUITests */,
			);
		};
/* End PBXProject section */

/* Begin PBXResourcesBuildPhase section */
		D0B387492D36260700DF8B7F /* Resources */ = {
			isa = PBXResourcesBuildPhase;
			buildActionMask = 2147483647;
			files = (
			);
			runOnlyForDeploymentPostprocessing = 0;
		};
		D0B387592D36260A00DF8B7F /* Resources */ = {
			isa = PBXResourcesBuildPhase;
			buildActionMask = 2147483647;
			files = (
			);
			runOnlyForDeploymentPostprocessing = 0;
		};
		D0B387632D36260A00DF8B7F /* Resources */ = {
			isa = PBXResourcesBuildPhase;
			buildActionMask = 2147483647;
			files = (
			);
			runOnlyForDeploymentPostprocessing = 0;
		};
/* End PBXResourcesBuildPhase section */

/* Begin PBXSourcesBuildPhase section */
		D0B387472D36260700DF8B7F /* Sources */ = {
			isa = PBXSourcesBuildPhase;
			buildActionMask = 2147483647;
			files = (
			);
			runOnlyForDeploymentPostprocessing = 0;
		};
		D0B387572D36260A00DF8B7F /* Sources */ = {
			isa = PBXSourcesBuildPhase;
			buildActionMask = 2147483647;
			files = (
			);
			runOnlyForDeploymentPostprocessing = 0;
		};
		D0B387612D36260A00DF8B7F /* Sources */ = {
			isa = PBXSourcesBuildPhase;
			buildActionMask = 2147483647;
			files = (
			);
			runOnlyForDeploymentPostprocessing = 0;
		};
/* End PBXSourcesBuildPhase section */

/* Begin PBXTargetDependency section */
		D0B3875D2D36260A00DF8B7F /* PBXTargetDependency */ = {
			isa = PBXTargetDependency;
			target = D0B3874A2D36260700DF8B7F /* fetch-takehome */;
			targetProxy = D0B3875C2D36260A00DF8B7F /* PBXContainerItemProxy */;
		};
		D0B387672D36260A00DF8B7F /* PBXTargetDependency */ = {
			isa = PBXTargetDependency;
			target = D0B3874A2D36260700DF8B7F /* fetch-takehome */;
			targetProxy = D0B387662D36260A00DF8B7F /* PBXContainerItemProxy */;
		};
/* End PBXTargetDependency section */

/* Begin XCBuildConfiguration section */
		D0B3876D2D36260A00DF8B7F /* Debug */ = {
			isa = XCBuildConfiguration;
			buildSettings = {
				ALWAYS_SEARCH_USER_PATHS = NO;
				ASSETCATALOG_COMPILER_GENERATE_SWIFT_ASSET_SYMBOL_EXTENSIONS = YES;
				CLANG_ANALYZER_NONNULL = YES;
				CLANG_ANALYZER_NUMBER_OBJECT_CONVERSION = YES_AGGRESSIVE;
				CLANG_CXX_LANGUAGE_STANDARD = "gnu++20";
				CLANG_ENABLE_MODULES = YES;
				CLANG_ENABLE_OBJC_ARC = YES;
				CLANG_ENABLE_OBJC_WEAK = YES;
				CLANG_WARN_BLOCK_CAPTURE_AUTORELEASING = YES;
				CLANG_WARN_BOOL_CONVERSION = YES;
				CLANG_WARN_COMMA = YES;
				CLANG_WARN_CONSTANT_CONVERSION = YES;
				CLANG_WARN_DEPRECATED_OBJC_IMPLEMENTATIONS = YES;
				CLANG_WARN_DIRECT_OBJC_ISA_USAGE = YES_ERROR;
				CLANG_WARN_DOCUMENTATION_COMMENTS = YES;
				CLANG_WARN_EMPTY_BODY = YES;
				CLANG_WARN_ENUM_CONVERSION = YES;
				CLANG_WARN_INFINITE_RECURSION = YES;
				CLANG_WARN_INT_CONVERSION = YES;
				CLANG_WARN_NON_LITERAL_NULL_CONVERSION = YES;
				CLANG_WARN_OBJC_IMPLICIT_RETAIN_SELF = YES;
				CLANG_WARN_OBJC_LITERAL_CONVERSION = YES;
				CLANG_WARN_OBJC_ROOT_CLASS = YES_ERROR;
				CLANG_WARN_QUOTED_INCLUDE_IN_FRAMEWORK_HEADER = YES;
				CLANG_WARN_RANGE_LOOP_ANALYSIS = YES;
				CLANG_WARN_STRICT_PROTOTYPES = YES;
				CLANG_WARN_SUSPICIOUS_MOVE = YES;
				CLANG_WARN_UNGUARDED_AVAILABILITY = YES_AGGRESSIVE;
				CLANG_WARN_UNREACHABLE_CODE = YES;
				CLANG_WARN__DUPLICATE_METHOD_MATCH = YES;
				COPY_PHASE_STRIP = NO;
				DEBUG_INFORMATION_FORMAT = dwarf;
				ENABLE_STRICT_OBJC_MSGSEND = YES;
				ENABLE_TESTABILITY = YES;
				ENABLE_USER_SCRIPT_SANDBOXING = YES;
				GCC_C_LANGUAGE_STANDARD = gnu17;
				GCC_DYNAMIC_NO_PIC = NO;
				GCC_NO_COMMON_BLOCKS = YES;
				GCC_OPTIMIZATION_LEVEL = 0;
				GCC_PREPROCESSOR_DEFINITIONS = (
					"DEBUG=1",
					"$(inherited)",
				);
				GCC_WARN_64_TO_32_BIT_CONVERSION = YES;
				GCC_WARN_ABOUT_RETURN_TYPE = YES_ERROR;
				GCC_WARN_UNDECLARED_SELECTOR = YES;
				GCC_WARN_UNINITIALIZED_AUTOS = YES_AGGRESSIVE;
				GCC_WARN_UNUSED_FUNCTION = YES;
				GCC_WARN_UNUSED_VARIABLE = YES;
				IPHONEOS_DEPLOYMENT_TARGET = 18.2;
				LOCALIZATION_PREFERS_STRING_CATALOGS = YES;
				MTL_ENABLE_DEBUG_INFO = INCLUDE_SOURCE;
				MTL_FAST_MATH = YES;
				ONLY_ACTIVE_ARCH = YES;
				SDKROOT = iphoneos;
				SWIFT_ACTIVE_COMPILATION_CONDITIONS = "DEBUG $(inherited)";
				SWIFT_OPTIMIZATION_LEVEL = "-Onone";
			};
			name = Debug;
		};
		D0B3876E2D36260A00DF8B7F /* Release */ = {
			isa = XCBuildConfiguration;
			buildSettings = {
				ALWAYS_SEARCH_USER_PATHS = NO;
				ASSETCATALOG_COMPILER_GENERATE_SWIFT_ASSET_SYMBOL_EXTENSIONS = YES;
				CLANG_ANALYZER_NONNULL = YES;
				CLANG_ANALYZER_NUMBER_OBJECT_CONVERSION = YES_AGGRESSIVE;
				CLANG_CXX_LANGUAGE_STANDARD = "gnu++20";
				CLANG_ENABLE_MODULES = YES;
				CLANG_ENABLE_OBJC_ARC = YES;
				CLANG_ENABLE_OBJC_WEAK = YES;
				CLANG_WARN_BLOCK_CAPTURE_AUTORELEASING = YES;
				CLANG_WARN_BOOL_CONVERSION = YES;
				CLANG_WARN_COMMA = YES;
				CLANG_WARN_CONSTANT_CONVERSION = YES;
				CLANG_WARN_DEPRECATED_OBJC_IMPLEMENTATIONS = YES;
				CLANG_WARN_DIRECT_OBJC_ISA_USAGE = YES_ERROR;
				CLANG_WARN_DOCUMENTATION_COMMENTS = YES;
				CLANG_WARN_EMPTY_BODY = YES;
				CLANG_WARN_ENUM_CONVERSION = YES;
				CLANG_WARN_INFINITE_RECURSION = YES;
				CLANG_WARN_INT_CONVERSION = YES;
				CLANG_WARN_NON_LITERAL_NULL_CONVERSION = YES;
				CLANG_WARN_OBJC_IMPLICIT_RETAIN_SELF = YES;
				CLANG_WARN_OBJC_LITERAL_CONVERSION = YES;
				CLANG_WARN_OBJC_ROOT_CLASS = YES_ERROR;
				CLANG_WARN_QUOTED_INCLUDE_IN_FRAMEWORK_HEADER = YES;
				CLANG_WARN_RANGE_LOOP_ANALYSIS = YES;
				CLANG_WARN_STRICT_PROTOTYPES = YES;
				CLANG_WARN_SUSPICIOUS_MOVE = YES;
				CLANG_WARN_UNGUARDED_AVAILABILITY = YES_AGGRESSIVE;
				CLANG_WARN_UNREACHABLE_CODE = YES;
				CLANG_WARN__DUPLICATE_METHOD_MATCH = YES;
				COPY_PHASE_STRIP = NO;
				DEBUG_INFORMATION_FORMAT = "dwarf-with-dsym";
				ENABLE_NS_ASSERTIONS = NO;
				ENABLE_STRICT_OBJC_MSGSEND = YES;
				ENABLE_USER_SCRIPT_SANDBOXING = YES;
				GCC_C_LANGUAGE_STANDARD = gnu17;
				GCC_NO_COMMON_BLOCKS = YES;
				GCC_WARN_64_TO_32_BIT_CONVERSION = YES;
				GCC_WARN_ABOUT_RETURN_TYPE = YES_ERROR;
				GCC_WARN_UNDECLARED_SELECTOR = YES;
				GCC_WARN_UNINITIALIZED_AUTOS = YES_AGGRESSIVE;
				GCC_WARN_UNUSED_FUNCTION = YES;
				GCC_WARN_UNUSED_VARIABLE = YES;
				IPHONEOS_DEPLOYMENT_TARGET = 18.2;
				LOCALIZATION_PREFERS_STRING_CATALOGS = YES;
				MTL_ENABLE_DEBUG_INFO = NO;
				MTL_FAST_MATH = YES;
				SDKROOT = iphoneos;
				SWIFT_COMPILATION_MODE = wholemodule;
				VALIDATE_PRODUCT = YES;
			};
			name = Release;
		};
		D0B387702D36260A00DF8B7F /* Debug */ = {
			isa = XCBuildConfiguration;
			buildSettings = {
				ASSETCATALOG_COMPILER_APPICON_NAME = AppIcon;
				ASSETCATALOG_COMPILER_GLOBAL_ACCENT_COLOR_NAME = AccentColor;
				CODE_SIGN_STYLE = Automatic;
				CURRENT_PROJECT_VERSION = 1;
				DEVELOPMENT_ASSET_PATHS = "\"fetch-takehome/Preview Content\"";
				DEVELOPMENT_TEAM = XF766QR2QD;
				ENABLE_PREVIEWS = YES;
				GENERATE_INFOPLIST_FILE = YES;
				INFOPLIST_KEY_UIApplicationSceneManifest_Generation = YES;
				INFOPLIST_KEY_UIApplicationSupportsIndirectInputEvents = YES;
				INFOPLIST_KEY_UILaunchScreen_Generation = YES;
				INFOPLIST_KEY_UISupportedInterfaceOrientations_iPad = "UIInterfaceOrientationPortrait UIInterfaceOrientationPortraitUpsideDown UIInterfaceOrientationLandscapeLeft UIInterfaceOrientationLandscapeRight";
				INFOPLIST_KEY_UISupportedInterfaceOrientations_iPhone = "UIInterfaceOrientationPortrait UIInterfaceOrientationLandscapeLeft UIInterfaceOrientationLandscapeRight";
				LD_RUNPATH_SEARCH_PATHS = (
					"$(inherited)",
					"@executable_path/Frameworks",
				);
				MARKETING_VERSION = 1.0;
				PRODUCT_BUNDLE_IDENTIFIER = "com.cmillstein.fetch-takehome";
				PRODUCT_NAME = "$(TARGET_NAME)";
				SWIFT_EMIT_LOC_STRINGS = YES;
				SWIFT_VERSION = 5.0;
				TARGETED_DEVICE_FAMILY = "1,2";
			};
			name = Debug;
		};
		D0B387712D36260A00DF8B7F /* Release */ = {
			isa = XCBuildConfiguration;
			buildSettings = {
				ASSETCATALOG_COMPILER_APPICON_NAME = AppIcon;
				ASSETCATALOG_COMPILER_GLOBAL_ACCENT_COLOR_NAME = AccentColor;
				CODE_SIGN_STYLE = Automatic;
				CURRENT_PROJECT_VERSION = 1;
				DEVELOPMENT_ASSET_PATHS = "\"fetch-takehome/Preview Content\"";
				DEVELOPMENT_TEAM = XF766QR2QD;
				ENABLE_PREVIEWS = YES;
				GENERATE_INFOPLIST_FILE = YES;
				INFOPLIST_KEY_UIApplicationSceneManifest_Generation = YES;
				INFOPLIST_KEY_UIApplicationSupportsIndirectInputEvents = YES;
				INFOPLIST_KEY_UILaunchScreen_Generation = YES;
				INFOPLIST_KEY_UISupportedInterfaceOrientations_iPad = "UIInterfaceOrientationPortrait UIInterfaceOrientationPortraitUpsideDown UIInterfaceOrientationLandscapeLeft UIInterfaceOrientationLandscapeRight";
				INFOPLIST_KEY_UISupportedInterfaceOrientations_iPhone = "UIInterfaceOrientationPortrait UIInterfaceOrientationLandscapeLeft UIInterfaceOrientationLandscapeRight";
				LD_RUNPATH_SEARCH_PATHS = (
					"$(inherited)",
					"@executable_path/Frameworks",
				);
				MARKETING_VERSION = 1.0;
				PRODUCT_BUNDLE_IDENTIFIER = "com.cmillstein.fetch-takehome";
				PRODUCT_NAME = "$(TARGET_NAME)";
				SWIFT_EMIT_LOC_STRINGS = YES;
				SWIFT_VERSION = 5.0;
				TARGETED_DEVICE_FAMILY = "1,2";
			};
			name = Release;
		};
		D0B387732D36260A00DF8B7F /* Debug */ = {
			isa = XCBuildConfiguration;
			buildSettings = {
				BUNDLE_LOADER = "$(TEST_HOST)";
				CODE_SIGN_STYLE = Automatic;
				CURRENT_PROJECT_VERSION = 1;
				DEVELOPMENT_TEAM = XF766QR2QD;
				GENERATE_INFOPLIST_FILE = YES;
				IPHONEOS_DEPLOYMENT_TARGET = 18.2;
				MARKETING_VERSION = 1.0;
				PRODUCT_BUNDLE_IDENTIFIER = "com.cmillstein.fetch-takehomeTests";
				PRODUCT_NAME = "$(TARGET_NAME)";
				SWIFT_EMIT_LOC_STRINGS = NO;
				SWIFT_VERSION = 5.0;
				TARGETED_DEVICE_FAMILY = "1,2";
				TEST_HOST = "$(BUILT_PRODUCTS_DIR)/fetch-takehome.app/$(BUNDLE_EXECUTABLE_FOLDER_PATH)/fetch-takehome";
			};
			name = Debug;
		};
		D0B387742D36260A00DF8B7F /* Release */ = {
			isa = XCBuildConfiguration;
			buildSettings = {
				BUNDLE_LOADER = "$(TEST_HOST)";
				CODE_SIGN_STYLE = Automatic;
				CURRENT_PROJECT_VERSION = 1;
				DEVELOPMENT_TEAM = XF766QR2QD;
				GENERATE_INFOPLIST_FILE = YES;
				IPHONEOS_DEPLOYMENT_TARGET = 18.2;
				MARKETING_VERSION = 1.0;
				PRODUCT_BUNDLE_IDENTIFIER = "com.cmillstein.fetch-takehomeTests";
				PRODUCT_NAME = "$(TARGET_NAME)";
				SWIFT_EMIT_LOC_STRINGS = NO;
				SWIFT_VERSION = 5.0;
				TARGETED_DEVICE_FAMILY = "1,2";
				TEST_HOST = "$(BUILT_PRODUCTS_DIR)/fetch-takehome.app/$(BUNDLE_EXECUTABLE_FOLDER_PATH)/fetch-takehome";
			};
			name = Release;
		};
		D0B387762D36260A00DF8B7F /* Debug */ = {
			isa = XCBuildConfiguration;
			buildSettings = {
				CODE_SIGN_STYLE = Automatic;
				CURRENT_PROJECT_VERSION = 1;
				DEVELOPMENT_TEAM = XF766QR2QD;
				GENERATE_INFOPLIST_FILE = YES;
				MARKETING_VERSION = 1.0;
				PRODUCT_BUNDLE_IDENTIFIER = "com.cmillstein.fetch-takehomeUITests";
				PRODUCT_NAME = "$(TARGET_NAME)";
				SWIFT_EMIT_LOC_STRINGS = NO;
				SWIFT_VERSION = 5.0;
				TARGETED_DEVICE_FAMILY = "1,2";
				TEST_TARGET_NAME = "fetch-takehome";
			};
			name = Debug;
		};
		D0B387772D36260A00DF8B7F /* Release */ = {
			isa = XCBuildConfiguration;
			buildSettings = {
				CODE_SIGN_STYLE = Automatic;
				CURRENT_PROJECT_VERSION = 1;
				DEVELOPMENT_TEAM = XF766QR2QD;
				GENERATE_INFOPLIST_FILE = YES;
				MARKETING_VERSION = 1.0;
				PRODUCT_BUNDLE_IDENTIFIER = "com.cmillstein.fetch-takehomeUITests";
				PRODUCT_NAME = "$(TARGET_NAME)";
				SWIFT_EMIT_LOC_STRINGS = NO;
				SWIFT_VERSION = 5.0;
				TARGETED_DEVICE_FAMILY = "1,2";
				TEST_TARGET_NAME = "fetch-takehome";
			};
			name = Release;
		};
/* End XCBuildConfiguration section */

/* Begin XCConfigurationList section */
		D0B387462D36260700DF8B7F /* Build configuration list for PBXProject "fetch-takehome" */ = {
			isa = XCConfigurationList;
			buildConfigurations = (
				D0B3876D2D36260A00DF8B7F /* Debug */,
				D0B3876E2D36260A00DF8B7F /* Release */,
			);
			defaultConfigurationIsVisible = 0;
			defaultConfigurationName = Release;
		};
		D0B3876F2D36260A00DF8B7F /* Build configuration list for PBXNativeTarget "fetch-takehome" */ = {
			isa = XCConfigurationList;
			buildConfigurations = (
				D0B387702D36260A00DF8B7F /* Debug */,
				D0B387712D36260A00DF8B7F /* Release */,
			);
			defaultConfigurationIsVisible = 0;
			defaultConfigurationName = Release;
		};
		D0B387722D36260A00DF8B7F /* Build configuration list for PBXNativeTarget "fetch-takehomeTests" */ = {
			isa = XCConfigurationList;
			buildConfigurations = (
				D0B387732D36260A00DF8B7F /* Debug */,
				D0B387742D36260A00DF8B7F /* Release */,
			);
			defaultConfigurationIsVisible = 0;
			defaultConfigurationName = Release;
		};
		D0B387752D36260A00DF8B7F /* Build configuration list for PBXNativeTarget "fetch-takehomeUITests" */ = {
			isa = XCConfigurationList;
			buildConfigurations = (
				D0B387762D36260A00DF8B7F /* Debug */,
				D0B387772D36260A00DF8B7F /* Release */,
			);
			defaultConfigurationIsVisible = 0;
			defaultConfigurationName = Release;
		};
/* End XCConfigurationList section */
	};
	rootObject = D0B387432D36260700DF8B7F /* Project object */;
}
